
Microsoft Visual Studio Solution File, Format Version 12.00
# Visual Studio Version 16
VisualStudioVersion = 16.0.34407.143
MinimumVisualStudioVersion = 10.0.40219.1
Project("{FAE04EC0-301F-11D3-BF4B-00C04F79EFBC}") = "WebAppNonDef", "WebAppNonDef\WebAppNonDef.csproj", "{5D72A0BA-C96B-4B63-974F-1E044BAE52CD}"
EndProject
Global
	GlobalSection(SolutionConfigurationPlatforms) = preSolution
		Debug|Any CPU = Debug|Any CPU
		Release|Any CPU = Release|Any CPU
	EndGlobalSection
	GlobalSection(ProjectConfigurationPlatforms) = postSolution
		{5D72A0BA-C96B-4B63-974F-1E044BAE52CD}.Debug|Any CPU.ActiveCfg = Debug|Any CPU
		{5D72A0BA-C96B-4B63-974F-1E044BAE52CD}.Debug|Any CPU.Build.0 = Debug|Any CPU
		{5D72A0BA-C96B-4B63-974F-1E044BAE52CD}.Release|Any CPU.ActiveCfg = Release|Any CPU
		{5D72A0BA-C96B-4B63-974F-1E044BAE52CD}.Release|Any CPU.Build.0 = Release|Any CPU
	EndGlobalSection
	GlobalSection(SolutionProperties) = preSolution
		HideSolutionNode = FALSE
	EndGlobalSection
	GlobalSection(ExtensibilityGlobals) = postSolution
		SolutionGuid = {FB2196EE-12A1-43DB-8D88-7D223F62F1A3}
	EndGlobalSection
EndGlobal
