
Microsoft Visual Studio Solution File, Format Version 12.00
# Visual Studio Version 16
VisualStudioVersion = 16.0.34407.143
MinimumVisualStudioVersion = 10.0.40219.1
Project("{FAE04EC0-301F-11D3-BF4B-00C04F79EFBC}") = "LoginConApp", "LoginConApp\LoginConApp.csproj", "{19EE4782-4B94-40BD-8FF7-DE566EB6E15C}"
EndProject
Global
	GlobalSection(SolutionConfigurationPlatforms) = preSolution
		Debug|Any CPU = Debug|Any CPU
		Release|Any CPU = Release|Any CPU
	EndGlobalSection
	GlobalSection(ProjectConfigurationPlatforms) = postSolution
		{19EE4782-4B94-40BD-8FF7-DE566EB6E15C}.Debug|Any CPU.ActiveCfg = Debug|Any CPU
		{19EE4782-4B94-40BD-8FF7-DE566EB6E15C}.Debug|Any CPU.Build.0 = Debug|Any CPU
		{19EE4782-4B94-40BD-8FF7-DE566EB6E15C}.Release|Any CPU.ActiveCfg = Release|Any CPU
		{19EE4782-4B94-40BD-8FF7-DE566EB6E15C}.Release|Any CPU.Build.0 = Release|Any CPU
	EndGlobalSection
	GlobalSection(SolutionProperties) = preSolution
		HideSolutionNode = FALSE
	EndGlobalSection
	GlobalSection(ExtensibilityGlobals) = postSolution
		SolutionGuid = {92854ED3-AB29-4B67-8BC7-261C1D171F8D}
	EndGlobalSection
EndGlobal
